// !$*UTF8*$!
{
	archiveVersion = 1;
	classes = {
	};
	objectVersion = 46;
	objects = {

/* Begin PBXBuildFile section */
		F4285F971F0D20A40007422F /* AppDelegate.swift in Sources */ = {isa = PBXBuildFile; fileRef = F4285F961F0D20A40007422F /* AppDelegate.swift */; };
		F4285F991F0D20A40007422F /* ViewController.swift in Sources */ = {isa = PBXBuildFile; fileRef = F4285F981F0D20A40007422F /* ViewController.swift */; };
		F4285F9C1F0D20A40007422F /* Main.storyboard in Resources */ = {isa = PBXBuildFile; fileRef = F4285F9A1F0D20A40007422F /* Main.storyboard */; };
		F4285F9E1F0D20A40007422F /* Assets.xcassets in Resources */ = {isa = PBXBuildFile; fileRef = F4285F9D1F0D20A40007422F /* Assets.xcassets */; };
		F4285FA11F0D20A40007422F /* LaunchScreen.storyboard in Resources */ = {isa = PBXBuildFile; fileRef = F4285F9F1F0D20A40007422F /* LaunchScreen.storyboard */; };
		F4285FAC1F0D20A40007422F /* ScreenshotPickerTests.swift in Sources */ = {isa = PBXBuildFile; fileRef = F4285FAB1F0D20A40007422F /* ScreenshotPickerTests.swift */; };
		F4285FB71F0D20A40007422F /* ScreenshotPickerUITests.swift in Sources */ = {isa = PBXBuildFile; fileRef = F4285FB61F0D20A40007422F /* ScreenshotPickerUITests.swift */; };
/* End PBXBuildFile section */

/* Begin PBXContainerItemProxy section */
		F4285FA81F0D20A40007422F /* PBXContainerItemProxy */ = {
			isa = PBXContainerItemProxy;
			containerPortal = F4285F8B1F0D20A40007422F /* Project object */;
			proxyType = 1;
			remoteGlobalIDString = F4285F921F0D20A40007422F;
			remoteInfo = ScreenshotPicker;
		};
		F4285FB31F0D20A40007422F /* PBXContainerItemProxy */ = {
			isa = PBXContainerItemProxy;
			containerPortal = F4285F8B1F0D20A40007422F /* Project object */;
			proxyType = 1;
			remoteGlobalIDString = F4285F921F0D20A40007422F;
			remoteInfo = ScreenshotPicker;
		};
/* End PBXContainerItemProxy section */

/* Begin PBXFileReference section */
		F4285F931F0D20A40007422F /* ScreenshotPicker.app */ = {isa = PBXFileReference; explicitFileType = wrapper.application; includeInIndex = 0; path = ScreenshotPicker.app; sourceTree = BUILT_PRODUCTS_DIR; };
		F4285F961F0D20A40007422F /* AppDelegate.swift */ = {isa = PBXFileReference; lastKnownFileType = sourcecode.swift; path = AppDelegate.swift; sourceTree = "<group>"; };
		F4285F981F0D20A40007422F /* ViewController.swift */ = {isa = PBXFileReference; lastKnownFileType = sourcecode.swift; path = ViewController.swift; sourceTree = "<group>"; };
		F4285F9B1F0D20A40007422F /* Base */ = {isa = PBXFileReference; lastKnownFileType = file.storyboard; name = Base; path = Base.lproj/Main.storyboard; sourceTree = "<group>"; };
		F4285F9D1F0D20A40007422F /* Assets.xcassets */ = {isa = PBXFileReference; lastKnownFileType = folder.assetcatalog; path = Assets.xcassets; sourceTree = "<group>"; };
		F4285FA01F0D20A40007422F /* Base */ = {isa = PBXFileReference; lastKnownFileType = file.storyboard; name = Base; path = Base.lproj/LaunchScreen.storyboard; sourceTree = "<group>"; };
		F4285FA21F0D20A40007422F /* Info.plist */ = {isa = PBXFileReference; lastKnownFileType = text.plist.xml; path = Info.plist; sourceTree = "<group>"; };
		F4285FA71F0D20A40007422F /* ScreenshotPickerTests.xctest */ = {isa = PBXFileReference; explicitFileType = wrapper.cfbundle; includeInIndex = 0; path = ScreenshotPickerTests.xctest; sourceTree = BUILT_PRODUCTS_DIR; };
		F4285FAB1F0D20A40007422F /* ScreenshotPickerTests.swift */ = {isa = PBXFileReference; lastKnownFileType = sourcecode.swift; path = ScreenshotPickerTests.swift; sourceTree = "<group>"; };
		F4285FAD1F0D20A40007422F /* Info.plist */ = {isa = PBXFileReference; lastKnownFileType = text.plist.xml; path = Info.plist; sourceTree = "<group>"; };
		F4285FB21F0D20A40007422F /* ScreenshotPickerUITests.xctest */ = {isa = PBXFileReference; explicitFileType = wrapper.cfbundle; includeInIndex = 0; path = ScreenshotPickerUITests.xctest; sourceTree = BUILT_PRODUCTS_DIR; };
		F4285FB61F0D20A40007422F /* ScreenshotPickerUITests.swift */ = {isa = PBXFileReference; lastKnownFileType = sourcecode.swift; path = ScreenshotPickerUITests.swift; sourceTree = "<group>"; };
		F4285FB81F0D20A40007422F /* Info.plist */ = {isa = PBXFileReference; lastKnownFileType = text.plist.xml; path = Info.plist; sourceTree = "<group>"; };
/* End PBXFileReference section */

/* Begin PBXFrameworksBuildPhase section */
		F4285F901F0D20A40007422F /* Frameworks */ = {
			isa = PBXFrameworksBuildPhase;
			buildActionMask = 2147483647;
			files = (
			);
			runOnlyForDeploymentPostprocessing = 0;
		};
		F4285FA41F0D20A40007422F /* Frameworks */ = {
			isa = PBXFrameworksBuildPhase;
			buildActionMask = 2147483647;
			files = (
			);
			runOnlyForDeploymentPostprocessing = 0;
		};
		F4285FAF1F0D20A40007422F /* Frameworks */ = {
			isa = PBXFrameworksBuildPhase;
			buildActionMask = 2147483647;
			files = (
			);
			runOnlyForDeploymentPostprocessing = 0;
		};
/* End PBXFrameworksBuildPhase section */

/* Begin PBXGroup section */
		F4285F8A1F0D20A40007422F = {
			isa = PBXGroup;
			children = (
				F4285F951F0D20A40007422F /* ScreenshotPicker */,
				F4285FAA1F0D20A40007422F /* ScreenshotPickerTests */,
				F4285FB51F0D20A40007422F /* ScreenshotPickerUITests */,
				F4285F941F0D20A40007422F /* Products */,
			);
			sourceTree = "<group>";
		};
		F4285F941F0D20A40007422F /* Products */ = {
			isa = PBXGroup;
			children = (
				F4285F931F0D20A40007422F /* ScreenshotPicker.app */,
				F4285FA71F0D20A40007422F /* ScreenshotPickerTests.xctest */,
				F4285FB21F0D20A40007422F /* ScreenshotPickerUITests.xctest */,
			);
			name = Products;
			sourceTree = "<group>";
		};
		F4285F951F0D20A40007422F /* ScreenshotPicker */ = {
			isa = PBXGroup;
			children = (
				F4285F961F0D20A40007422F /* AppDelegate.swift */,
				F4285F981F0D20A40007422F /* ViewController.swift */,
				F4285F9A1F0D20A40007422F /* Main.storyboard */,
				F4285F9D1F0D20A40007422F /* Assets.xcassets */,
				F4285F9F1F0D20A40007422F /* LaunchScreen.storyboard */,
				F4285FA21F0D20A40007422F /* Info.plist */,
			);
			path = ScreenshotPicker;
			sourceTree = "<group>";
		};
		F4285FAA1F0D20A40007422F /* ScreenshotPickerTests */ = {
			isa = PBXGroup;
			children = (
				F4285FAB1F0D20A40007422F /* ScreenshotPickerTests.swift */,
				F4285FAD1F0D20A40007422F /* Info.plist */,
			);
			path = ScreenshotPickerTests;
			sourceTree = "<group>";
		};
		F4285FB51F0D20A40007422F /* ScreenshotPickerUITests */ = {
			isa = PBXGroup;
			children = (
				F4285FB61F0D20A40007422F /* ScreenshotPickerUITests.swift */,
				F4285FB81F0D20A40007422F /* Info.plist */,
			);
			path = ScreenshotPickerUITests;
			sourceTree = "<group>";
		};
/* End PBXGroup section */

/* Begin PBXNativeTarget section */
		F4285F921F0D20A40007422F /* ScreenshotPicker */ = {
			isa = PBXNativeTarget;
			buildConfigurationList = F4285FBB1F0D20A40007422F /* Build configuration list for PBXNativeTarget "ScreenshotPicker" */;
			buildPhases = (
				F4285F8F1F0D20A40007422F /* Sources */,
				F4285F901F0D20A40007422F /* Frameworks */,
				F4285F911F0D20A40007422F /* Resources */,
			);
			buildRules = (
			);
			dependencies = (
			);
			name = ScreenshotPicker;
			productName = ScreenshotPicker;
			productReference = F4285F931F0D20A40007422F /* ScreenshotPicker.app */;
			productType = "com.apple.product-type.application";
		};
		F4285FA61F0D20A40007422F /* ScreenshotPickerTests */ = {
			isa = PBXNativeTarget;
			buildConfigurationList = F4285FBE1F0D20A40007422F /* Build configuration list for PBXNativeTarget "ScreenshotPickerTests" */;
			buildPhases = (
				F4285FA31F0D20A40007422F /* Sources */,
				F4285FA41F0D20A40007422F /* Frameworks */,
				F4285FA51F0D20A40007422F /* Resources */,
			);
			buildRules = (
			);
			dependencies = (
				F4285FA91F0D20A40007422F /* PBXTargetDependency */,
			);
			name = ScreenshotPickerTests;
			productName = ScreenshotPickerTests;
			productReference = F4285FA71F0D20A40007422F /* ScreenshotPickerTests.xctest */;
			productType = "com.apple.product-type.bundle.unit-test";
		};
		F4285FB11F0D20A40007422F /* ScreenshotPickerUITests */ = {
			isa = PBXNativeTarget;
			buildConfigurationList = F4285FC11F0D20A40007422F /* Build configuration list for PBXNativeTarget "ScreenshotPickerUITests" */;
			buildPhases = (
				F4285FAE1F0D20A40007422F /* Sources */,
				F4285FAF1F0D20A40007422F /* Frameworks */,
				F4285FB01F0D20A40007422F /* Resources */,
			);
			buildRules = (
			);
			dependencies = (
				F4285FB41F0D20A40007422F /* PBXTargetDependency */,
			);
			name = ScreenshotPickerUITests;
			productName = ScreenshotPickerUITests;
			productReference = F4285FB21F0D20A40007422F /* ScreenshotPickerUITests.xctest */;
			productType = "com.apple.product-type.bundle.ui-testing";
		};
/* End PBXNativeTarget section */

/* Begin PBXProject section */
		F4285F8B1F0D20A40007422F /* Project object */ = {
			isa = PBXProject;
			attributes = {
				LastSwiftUpdateCheck = 0830;
				LastUpgradeCheck = 0830;
				ORGANIZATIONNAME = "Yevgeniy Vasylenko";
				TargetAttributes = {
					F4285F921F0D20A40007422F = {
						CreatedOnToolsVersion = 8.3.3;
						DevelopmentTeam = X8RNY46S82;
						ProvisioningStyle = Automatic;
					};
					F4285FA61F0D20A40007422F = {
						CreatedOnToolsVersion = 8.3.3;
						DevelopmentTeam = X8RNY46S82;
						ProvisioningStyle = Automatic;
						TestTargetID = F4285F921F0D20A40007422F;
					};
					F4285FB11F0D20A40007422F = {
						CreatedOnToolsVersion = 8.3.3;
						DevelopmentTeam = X8RNY46S82;
						ProvisioningStyle = Automatic;
						TestTargetID = F4285F921F0D20A40007422F;
					};
				};
			};
			buildConfigurationList = F4285F8E1F0D20A40007422F /* Build configuration list for PBXProject "ScreenshotPicker" */;
			compatibilityVersion = "Xcode 3.2";
			developmentRegion = English;
			hasScannedForEncodings = 0;
			knownRegions = (
				en,
				Base,
			);
			mainGroup = F4285F8A1F0D20A40007422F;
			productRefGroup = F4285F941F0D20A40007422F /* Products */;
			projectDirPath = "";
			projectRoot = "";
			targets = (
				F4285F921F0D20A40007422F /* ScreenshotPicker */,
				F4285FA61F0D20A40007422F /* ScreenshotPickerTests */,
				F4285FB11F0D20A40007422F /* ScreenshotPickerUITests */,
			);
		};
/* End PBXProject section */

/* Begin PBXResourcesBuildPhase section */
		F4285F911F0D20A40007422F /* Resources */ = {
			isa = PBXResourcesBuildPhase;
			buildActionMask = 2147483647;
			files = (
				F4285FA11F0D20A40007422F /* LaunchScreen.storyboard in Resources */,
				F4285F9E1F0D20A40007422F /* Assets.xcassets in Resources */,
				F4285F9C1F0D20A40007422F /* Main.storyboard in Resources */,
			);
			runOnlyForDeploymentPostprocessing = 0;
		};
		F4285FA51F0D20A40007422F /* Resources */ = {
			isa = PBXResourcesBuildPhase;
			buildActionMask = 2147483647;
			files = (
			);
			runOnlyForDeploymentPostprocessing = 0;
		};
		F4285FB01F0D20A40007422F /* Resources */ = {
			isa = PBXResourcesBuildPhase;
			buildActionMask = 2147483647;
			files = (
			);
			runOnlyForDeploymentPostprocessing = 0;
		};
/* End PBXResourcesBuildPhase section */

/* Begin PBXSourcesBuildPhase section */
		F4285F8F1F0D20A40007422F /* Sources */ = {
			isa = PBXSourcesBuildPhase;
			buildActionMask = 2147483647;
			files = (
				F4285F991F0D20A40007422F /* ViewController.swift in Sources */,
				F4285F971F0D20A40007422F /* AppDelegate.swift in Sources */,
			);
			runOnlyForDeploymentPostprocessing = 0;
		};
		F4285FA31F0D20A40007422F /* Sources */ = {
			isa = PBXSourcesBuildPhase;
			buildActionMask = 2147483647;
			files = (
				F4285FAC1F0D20A40007422F /* ScreenshotPickerTests.swift in Sources */,
			);
			runOnlyForDeploymentPostprocessing = 0;
		};
		F4285FAE1F0D20A40007422F /* Sources */ = {
			isa = PBXSourcesBuildPhase;
			buildActionMask = 2147483647;
			files = (
				F4285FB71F0D20A40007422F /* ScreenshotPickerUITests.swift in Sources */,
			);
			runOnlyForDeploymentPostprocessing = 0;
		};
/* End PBXSourcesBuildPhase section */

/* Begin PBXTargetDependency section */
		F4285FA91F0D20A40007422F /* PBXTargetDependency */ = {
			isa = PBXTargetDependency;
			target = F4285F921F0D20A40007422F /* ScreenshotPicker */;
			targetProxy = F4285FA81F0D20A40007422F /* PBXContainerItemProxy */;
		};
		F4285FB41F0D20A40007422F /* PBXTargetDependency */ = {
			isa = PBXTargetDependency;
			target = F4285F921F0D20A40007422F /* ScreenshotPicker */;
			targetProxy = F4285FB31F0D20A40007422F /* PBXContainerItemProxy */;
		};
/* End PBXTargetDependency section */

/* Begin PBXVariantGroup section */
		F4285F9A1F0D20A40007422F /* Main.storyboard */ = {
			isa = PBXVariantGroup;
			children = (
				F4285F9B1F0D20A40007422F /* Base */,
			);
			name = Main.storyboard;
			sourceTree = "<group>";
		};
		F4285F9F1F0D20A40007422F /* LaunchScreen.storyboard */ = {
			isa = PBXVariantGroup;
			children = (
				F4285FA01F0D20A40007422F /* Base */,
			);
			name = LaunchScreen.storyboard;
			sourceTree = "<group>";
		};
/* End PBXVariantGroup section */

/* Begin XCBuildConfiguration section */
		F4285FB91F0D20A40007422F /* Debug */ = {
			isa = XCBuildConfiguration;
			buildSettings = {
				ALWAYS_SEARCH_USER_PATHS = NO;
				CLANG_ANALYZER_NONNULL = YES;
				CLANG_ANALYZER_NUMBER_OBJECT_CONVERSION = YES_AGGRESSIVE;
				CLANG_CXX_LANGUAGE_STANDARD = "gnu++0x";
				CLANG_CXX_LIBRARY = "libc++";
				CLANG_ENABLE_MODULES = YES;
				CLANG_ENABLE_OBJC_ARC = YES;
				CLANG_WARN_BOOL_CONVERSION = YES;
				CLANG_WARN_CONSTANT_CONVERSION = YES;
				CLANG_WARN_DIRECT_OBJC_ISA_USAGE = YES_ERROR;
				CLANG_WARN_DOCUMENTATION_COMMENTS = YES;
				CLANG_WARN_EMPTY_BODY = YES;
				CLANG_WARN_ENUM_CONVERSION = YES;
				CLANG_WARN_INFINITE_RECURSION = YES;
				CLANG_WARN_INT_CONVERSION = YES;
				CLANG_WARN_OBJC_ROOT_CLASS = YES_ERROR;
				CLANG_WARN_SUSPICIOUS_MOVE = YES;
				CLANG_WARN_UNREACHABLE_CODE = YES;
				CLANG_WARN__DUPLICATE_METHOD_MATCH = YES;
				"CODE_SIGN_IDENTITY[sdk=iphoneos*]" = "iPhone Developer";
				COPY_PHASE_STRIP = NO;
				DEBUG_INFORMATION_FORMAT = dwarf;
				ENABLE_STRICT_OBJC_MSGSEND = YES;
				ENABLE_TESTABILITY = YES;
				GCC_C_LANGUAGE_STANDARD = gnu99;
				GCC_DYNAMIC_NO_PIC = NO;
				GCC_NO_COMMON_BLOCKS = YES;
				GCC_OPTIMIZATION_LEVEL = 0;
				GCC_PREPROCESSOR_DEFINITIONS = (
					"DEBUG=1",
					"$(inherited)",
				);
				GCC_WARN_64_TO_32_BIT_CONVERSION = YES;
				GCC_WARN_ABOUT_RETURN_TYPE = YES_ERROR;
				GCC_WARN_UNDECLARED_SELECTOR = YES;
				GCC_WARN_UNINITIALIZED_AUTOS = YES_AGGRESSIVE;
				GCC_WARN_UNUSED_FUNCTION = YES;
				GCC_WARN_UNUSED_VARIABLE = YES;
				IPHONEOS_DEPLOYMENT_TARGET = 10.3;
				MTL_ENABLE_DEBUG_INFO = YES;
				ONLY_ACTIVE_ARCH = YES;
				SDKROOT = iphoneos;
				SWIFT_ACTIVE_COMPILATION_CONDITIONS = DEBUG;
				SWIFT_OPTIMIZATION_LEVEL = "-Onone";
				TARGETED_DEVICE_FAMILY = "1,2";
			};
			name = Debug;
		};
		F4285FBA1F0D20A40007422F /* Release */ = {
			isa = XCBuildConfiguration;
			buildSettings = {
				ALWAYS_SEARCH_USER_PATHS = NO;
				CLANG_ANALYZER_NONNULL = YES;
				CLANG_ANALYZER_NUMBER_OBJECT_CONVERSION = YES_AGGRESSIVE;
				CLANG_CXX_LANGUAGE_STANDARD = "gnu++0x";
				CLANG_CXX_LIBRARY = "libc++";
				CLANG_ENABLE_MODULES = YES;
				CLANG_ENABLE_OBJC_ARC = YES;
				CLANG_WARN_BOOL_CONVERSION = YES;
				CLANG_WARN_CONSTANT_CONVERSION = YES;
				CLANG_WARN_DIRECT_OBJC_ISA_USAGE = YES_ERROR;
				CLANG_WARN_DOCUMENTATION_COMMENTS = YES;
				CLANG_WARN_EMPTY_BODY = YES;
				CLANG_WARN_ENUM_CONVERSION = YES;
				CLANG_WARN_INFINITE_RECURSION = YES;
				CLANG_WARN_INT_CONVERSION = YES;
				CLANG_WARN_OBJC_ROOT_CLASS = YES_ERROR;
				CLANG_WARN_SUSPICIOUS_MOVE = YES;
				CLANG_WARN_UNREACHABLE_CODE = YES;
				CLANG_WARN__DUPLICATE_METHOD_MATCH = YES;
				"CODE_SIGN_IDENTITY[sdk=iphoneos*]" = "iPhone Developer";
				COPY_PHASE_STRIP = NO;
				DEBUG_INFORMATION_FORMAT = "dwarf-with-dsym";
				ENABLE_NS_ASSERTIONS = NO;
				ENABLE_STRICT_OBJC_MSGSEND = YES;
				GCC_C_LANGUAGE_STANDARD = gnu99;
				GCC_NO_COMMON_BLOCKS = YES;
				GCC_WARN_64_TO_32_BIT_CONVERSION = YES;
				GCC_WARN_ABOUT_RETURN_TYPE = YES_ERROR;
				GCC_WARN_UNDECLARED_SELECTOR = YES;
				GCC_WARN_UNINITIALIZED_AUTOS = YES_AGGRESSIVE;
				GCC_WARN_UNUSED_FUNCTION = YES;
				GCC_WARN_UNUSED_VARIABLE = YES;
				IPHONEOS_DEPLOYMENT_TARGET = 10.3;
				MTL_ENABLE_DEBUG_INFO = NO;
				SDKROOT = iphoneos;
				SWIFT_OPTIMIZATION_LEVEL = "-Owholemodule";
				TARGETED_DEVICE_FAMILY = "1,2";
				VALIDATE_PRODUCT = YES;
			};
			name = Release;
		};
		F4285FBC1F0D20A40007422F /* Debug */ = {
			isa = XCBuildConfiguration;
			buildSettings = {
				ASSETCATALOG_COMPILER_APPICON_NAME = AppIcon;
				DEVELOPMENT_TEAM = X8RNY46S82;
				INFOPLIST_FILE = ScreenshotPicker/Info.plist;
				LD_RUNPATH_SEARCH_PATHS = "$(inherited) @executable_path/Frameworks";
				PRODUCT_BUNDLE_IDENTIFIER = com.vasylenko.ScreenshotPicker;
				PRODUCT_NAME = "$(TARGET_NAME)";
				SWIFT_VERSION = 3.0;
			};
			name = Debug;
		};
		F4285FBD1F0D20A40007422F /* Release */ = {
			isa = XCBuildConfiguration;
			buildSettings = {
				ASSETCATALOG_COMPILER_APPICON_NAME = AppIcon;
				DEVELOPMENT_TEAM = X8RNY46S82;
				INFOPLIST_FILE = ScreenshotPicker/Info.plist;
				LD_RUNPATH_SEARCH_PATHS = "$(inherited) @executable_path/Frameworks";
				PRODUCT_BUNDLE_IDENTIFIER = com.vasylenko.ScreenshotPicker;
				PRODUCT_NAME = "$(TARGET_NAME)";
				SWIFT_VERSION = 3.0;
			};
			name = Release;
		};
		F4285FBF1F0D20A40007422F /* Debug */ = {
			isa = XCBuildConfiguration;
			buildSettings = {
				ALWAYS_EMBED_SWIFT_STANDARD_LIBRARIES = YES;
				BUNDLE_LOADER = "$(TEST_HOST)";
				DEVELOPMENT_TEAM = X8RNY46S82;
				INFOPLIST_FILE = ScreenshotPickerTests/Info.plist;
				LD_RUNPATH_SEARCH_PATHS = "$(inherited) @executable_path/Frameworks @loader_path/Frameworks";
				PRODUCT_BUNDLE_IDENTIFIER = com.vasylenko.ScreenshotPickerTests;
				PRODUCT_NAME = "$(TARGET_NAME)";
				SWIFT_VERSION = 3.0;
				TEST_HOST = "$(BUILT_PRODUCTS_DIR)/ScreenshotPicker.app/ScreenshotPicker";
			};
			name = Debug;
		};
		F4285FC01F0D20A40007422F /* Release */ = {
			isa = XCBuildConfiguration;
			buildSettings = {
				ALWAYS_EMBED_SWIFT_STANDARD_LIBRARIES = YES;
				BUNDLE_LOADER = "$(TEST_HOST)";
				DEVELOPMENT_TEAM = X8RNY46S82;
				INFOPLIST_FILE = ScreenshotPickerTests/Info.plist;
				LD_RUNPATH_SEARCH_PATHS = "$(inherited) @executable_path/Frameworks @loader_path/Frameworks";
				PRODUCT_BUNDLE_IDENTIFIER = com.vasylenko.ScreenshotPickerTests;
				PRODUCT_NAME = "$(TARGET_NAME)";
				SWIFT_VERSION = 3.0;
				TEST_HOST = "$(BUILT_PRODUCTS_DIR)/ScreenshotPicker.app/ScreenshotPicker";
			};
			name = Release;
		};
		F4285FC21F0D20A40007422F /* Debug */ = {
			isa = XCBuildConfiguration;
			buildSettings = {
				ALWAYS_EMBED_SWIFT_STANDARD_LIBRARIES = YES;
				DEVELOPMENT_TEAM = X8RNY46S82;
				INFOPLIST_FILE = ScreenshotPickerUITests/Info.plist;
				LD_RUNPATH_SEARCH_PATHS = "$(inherited) @executable_path/Frameworks @loader_path/Frameworks";
				PRODUCT_BUNDLE_IDENTIFIER = com.vasylenko.ScreenshotPickerUITests;
				PRODUCT_NAME = "$(TARGET_NAME)";
				SWIFT_VERSION = 3.0;
				TEST_TARGET_NAME = ScreenshotPicker;
			};
			name = Debug;
		};
		F4285FC31F0D20A40007422F /* Release */ = {
			isa = XCBuildConfiguration;
			buildSettings = {
				ALWAYS_EMBED_SWIFT_STANDARD_LIBRARIES = YES;
				DEVELOPMENT_TEAM = X8RNY46S82;
				INFOPLIST_FILE = ScreenshotPickerUITests/Info.plist;
				LD_RUNPATH_SEARCH_PATHS = "$(inherited) @executable_path/Frameworks @loader_path/Frameworks";
				PRODUCT_BUNDLE_IDENTIFIER = com.vasylenko.ScreenshotPickerUITests;
				PRODUCT_NAME = "$(TARGET_NAME)";
				SWIFT_VERSION = 3.0;
				TEST_TARGET_NAME = ScreenshotPicker;
			};
			name = Release;
		};
/* End XCBuildConfiguration section */

/* Begin XCConfigurationList section */
		F4285F8E1F0D20A40007422F /* Build configuration list for PBXProject "ScreenshotPicker" */ = {
			isa = XCConfigurationList;
			buildConfigurations = (
				F4285FB91F0D20A40007422F /* Debug */,
				F4285FBA1F0D20A40007422F /* Release */,
			);
			defaultConfigurationIsVisible = 0;
			defaultConfigurationName = Release;
		};
		F4285FBB1F0D20A40007422F /* Build configuration list for PBXNativeTarget "ScreenshotPicker" */ = {
			isa = XCConfigurationList;
			buildConfigurations = (
				F4285FBC1F0D20A40007422F /* Debug */,
				F4285FBD1F0D20A40007422F /* Release */,
			);
			defaultConfigurationIsVisible = 0;
		};
		F4285FBE1F0D20A40007422F /* Build configuration list for PBXNativeTarget "ScreenshotPickerTests" */ = {
			isa = XCConfigurationList;
			buildConfigurations = (
				F4285FBF1F0D20A40007422F /* Debug */,
				F4285FC01F0D20A40007422F /* Release */,
			);
			defaultConfigurationIsVisible = 0;
		};
		F4285FC11F0D20A40007422F /* Build configuration list for PBXNativeTarget "ScreenshotPickerUITests" */ = {
			isa = XCConfigurationList;
			buildConfigurations = (
				F4285FC21F0D20A40007422F /* Debug */,
				F4285FC31F0D20A40007422F /* Release */,
			);
			defaultConfigurationIsVisible = 0;
		};
/* End XCConfigurationList section */
	};
	rootObject = F4285F8B1F0D20A40007422F /* Project object */;
}
